
Microsoft Visual Studio Solution File, Format Version 12.00
# Visual Studio Version 17
VisualStudioVersion = 17.1.32210.238
MinimumVisualStudioVersion = 10.0.40219.1
Project("{9A19103F-16F7-4668-BE54-9A1E7A4F7556}") = "Discreet", "Discreet\Discreet.csproj", "{3C12BD93-4A6F-4E62-A47E-91A8ED8AD5B4}"
EndProject
Global
	GlobalSection(SolutionConfigurationPlatforms) = preSolution
		Debug|Any CPU = Debug|Any CPU
		Debug|x64 = Debug|x64
		Release|Any CPU = Release|Any CPU
		Release|x64 = Release|x64
	EndGlobalSection
	GlobalSection(ProjectConfigurationPlatforms) = postSolution
		{3C12BD93-4A6F-4E62-A47E-91A8ED8AD5B4}.Debug|Any CPU.ActiveCfg = Debug|x64
		{3C12BD93-4A6F-4E62-A47E-91A8ED8AD5B4}.Debug|Any CPU.Build.0 = Debug|x64
		{3C12BD93-4A6F-4E62-A47E-91A8ED8AD5B4}.Debug|x64.ActiveCfg = Debug|x64
		{3C12BD93-4A6F-4E62-A47E-91A8ED8AD5B4}.Debug|x64.Build.0 = Debug|x64
		{3C12BD93-4A6F-4E62-A47E-91A8ED8AD5B4}.Release|Any CPU.ActiveCfg = Release|Any CPU
		{3C12BD93-4A6F-4E62-A47E-91A8ED8AD5B4}.Release|Any CPU.Build.0 = Release|Any CPU
		{3C12BD93-4A6F-4E62-A47E-91A8ED8AD5B4}.Release|x64.ActiveCfg = Release|x64
		{3C12BD93-4A6F-4E62-A47E-91A8ED8AD5B4}.Release|x64.Build.0 = Release|x64
	EndGlobalSection
	GlobalSection(SolutionProperties) = preSolution
		HideSolutionNode = FALSE
	EndGlobalSection
	GlobalSection(ExtensibilityGlobals) = postSolution
		SolutionGuid = {C2D92072-868A-40F6-8EE2-045A48EDEFC5}
	EndGlobalSection
EndGlobal
